// !$*UTF8*$!
{
	archiveVersion = 1;
	classes = {
	};
	objectVersion = 50;
	objects = {

/* Begin PBXBuildFile section */
		340F34D424132FB000A72CC8 /* CreationViewController.swift in Sources */ = {isa = PBXBuildFile; fileRef = 340F34D324132FB000A72CC8 /* CreationViewController.swift */; };
		34C00BBC23FE34430009E1AF /* AppDelegate.swift in Sources */ = {isa = PBXBuildFile; fileRef = 34C00BBB23FE34430009E1AF /* AppDelegate.swift */; };
		34C00BBE23FE34430009E1AF /* ViewController.swift in Sources */ = {isa = PBXBuildFile; fileRef = 34C00BBD23FE34430009E1AF /* ViewController.swift */; };
		34C00BC123FE34430009E1AF /* Main.storyboard in Resources */ = {isa = PBXBuildFile; fileRef = 34C00BBF23FE34430009E1AF /* Main.storyboard */; };
		34C00BC323FE34450009E1AF /* Assets.xcassets in Resources */ = {isa = PBXBuildFile; fileRef = 34C00BC223FE34450009E1AF /* Assets.xcassets */; };
		34C00BC623FE34450009E1AF /* LaunchScreen.storyboard in Resources */ = {isa = PBXBuildFile; fileRef = 34C00BC423FE34450009E1AF /* LaunchScreen.storyboard */; };
		34C00BD123FE34450009E1AF /* FlashcardsTests.swift in Sources */ = {isa = PBXBuildFile; fileRef = 34C00BD023FE34450009E1AF /* FlashcardsTests.swift */; };
		34C00BDC23FE34450009E1AF /* FlashcardsUITests.swift in Sources */ = {isa = PBXBuildFile; fileRef = 34C00BDB23FE34450009E1AF /* FlashcardsUITests.swift */; };
/* End PBXBuildFile section */

/* Begin PBXContainerItemProxy section */
		34C00BCD23FE34450009E1AF /* PBXContainerItemProxy */ = {
			isa = PBXContainerItemProxy;
			containerPortal = 34C00BB023FE34430009E1AF /* Project object */;
			proxyType = 1;
			remoteGlobalIDString = 34C00BB723FE34430009E1AF;
			remoteInfo = Flashcards;
		};
		34C00BD823FE34450009E1AF /* PBXContainerItemProxy */ = {
			isa = PBXContainerItemProxy;
			containerPortal = 34C00BB023FE34430009E1AF /* Project object */;
			proxyType = 1;
			remoteGlobalIDString = 34C00BB723FE34430009E1AF;
			remoteInfo = Flashcards;
		};
/* End PBXContainerItemProxy section */

/* Begin PBXFileReference section */
		340F34D324132FB000A72CC8 /* CreationViewController.swift */ = {isa = PBXFileReference; lastKnownFileType = sourcecode.swift; path = CreationViewController.swift; sourceTree = "<group>"; };
		34C00BB823FE34430009E1AF /* Flashcards.app */ = {isa = PBXFileReference; explicitFileType = wrapper.application; includeInIndex = 0; path = Flashcards.app; sourceTree = BUILT_PRODUCTS_DIR; };
		34C00BBB23FE34430009E1AF /* AppDelegate.swift */ = {isa = PBXFileReference; lastKnownFileType = sourcecode.swift; path = AppDelegate.swift; sourceTree = "<group>"; };
		34C00BBD23FE34430009E1AF /* ViewController.swift */ = {isa = PBXFileReference; lastKnownFileType = sourcecode.swift; path = ViewController.swift; sourceTree = "<group>"; };
		34C00BC023FE34430009E1AF /* Base */ = {isa = PBXFileReference; lastKnownFileType = file.storyboard; name = Base; path = Base.lproj/Main.storyboard; sourceTree = "<group>"; };
		34C00BC223FE34450009E1AF /* Assets.xcassets */ = {isa = PBXFileReference; lastKnownFileType = folder.assetcatalog; path = Assets.xcassets; sourceTree = "<group>"; };
		34C00BC523FE34450009E1AF /* Base */ = {isa = PBXFileReference; lastKnownFileType = file.storyboard; name = Base; path = Base.lproj/LaunchScreen.storyboard; sourceTree = "<group>"; };
		34C00BC723FE34450009E1AF /* Info.plist */ = {isa = PBXFileReference; lastKnownFileType = text.plist.xml; path = Info.plist; sourceTree = "<group>"; };
		34C00BCC23FE34450009E1AF /* FlashcardsTests.xctest */ = {isa = PBXFileReference; explicitFileType = wrapper.cfbundle; includeInIndex = 0; path = FlashcardsTests.xctest; sourceTree = BUILT_PRODUCTS_DIR; };
		34C00BD023FE34450009E1AF /* FlashcardsTests.swift */ = {isa = PBXFileReference; lastKnownFileType = sourcecode.swift; path = FlashcardsTests.swift; sourceTree = "<group>"; };
		34C00BD223FE34450009E1AF /* Info.plist */ = {isa = PBXFileReference; lastKnownFileType = text.plist.xml; path = Info.plist; sourceTree = "<group>"; };
		34C00BD723FE34450009E1AF /* FlashcardsUITests.xctest */ = {isa = PBXFileReference; explicitFileType = wrapper.cfbundle; includeInIndex = 0; path = FlashcardsUITests.xctest; sourceTree = BUILT_PRODUCTS_DIR; };
		34C00BDB23FE34450009E1AF /* FlashcardsUITests.swift */ = {isa = PBXFileReference; lastKnownFileType = sourcecode.swift; path = FlashcardsUITests.swift; sourceTree = "<group>"; };
		34C00BDD23FE34450009E1AF /* Info.plist */ = {isa = PBXFileReference; lastKnownFileType = text.plist.xml; path = Info.plist; sourceTree = "<group>"; };
/* End PBXFileReference section */

/* Begin PBXFrameworksBuildPhase section */
		34C00BB523FE34430009E1AF /* Frameworks */ = {
			isa = PBXFrameworksBuildPhase;
			buildActionMask = 2147483647;
			files = (
			);
			runOnlyForDeploymentPostprocessing = 0;
		};
		34C00BC923FE34450009E1AF /* Frameworks */ = {
			isa = PBXFrameworksBuildPhase;
			buildActionMask = 2147483647;
			files = (
			);
			runOnlyForDeploymentPostprocessing = 0;
		};
		34C00BD423FE34450009E1AF /* Frameworks */ = {
			isa = PBXFrameworksBuildPhase;
			buildActionMask = 2147483647;
			files = (
			);
			runOnlyForDeploymentPostprocessing = 0;
		};
/* End PBXFrameworksBuildPhase section */

/* Begin PBXGroup section */
		34C00BAF23FE34430009E1AF = {
			isa = PBXGroup;
			children = (
				34C00BBA23FE34430009E1AF /* Flashcards */,
				34C00BCF23FE34450009E1AF /* FlashcardsTests */,
				34C00BDA23FE34450009E1AF /* FlashcardsUITests */,
				34C00BB923FE34430009E1AF /* Products */,
			);
			sourceTree = "<group>";
		};
		34C00BB923FE34430009E1AF /* Products */ = {
			isa = PBXGroup;
			children = (
				34C00BB823FE34430009E1AF /* Flashcards.app */,
				34C00BCC23FE34450009E1AF /* FlashcardsTests.xctest */,
				34C00BD723FE34450009E1AF /* FlashcardsUITests.xctest */,
			);
			name = Products;
			sourceTree = "<group>";
		};
		34C00BBA23FE34430009E1AF /* Flashcards */ = {
			isa = PBXGroup;
			children = (
				34C00BBB23FE34430009E1AF /* AppDelegate.swift */,
				34C00BBD23FE34430009E1AF /* ViewController.swift */,
				34C00BBF23FE34430009E1AF /* Main.storyboard */,
				340F34D324132FB000A72CC8 /* CreationViewController.swift */,
				34C00BC223FE34450009E1AF /* Assets.xcassets */,
				34C00BC423FE34450009E1AF /* LaunchScreen.storyboard */,
				34C00BC723FE34450009E1AF /* Info.plist */,
			);
			path = Flashcards;
			sourceTree = "<group>";
		};
		34C00BCF23FE34450009E1AF /* FlashcardsTests */ = {
			isa = PBXGroup;
			children = (
				34C00BD023FE34450009E1AF /* FlashcardsTests.swift */,
				34C00BD223FE34450009E1AF /* Info.plist */,
			);
			path = FlashcardsTests;
			sourceTree = "<group>";
		};
		34C00BDA23FE34450009E1AF /* FlashcardsUITests */ = {
			isa = PBXGroup;
			children = (
				34C00BDB23FE34450009E1AF /* FlashcardsUITests.swift */,
				34C00BDD23FE34450009E1AF /* Info.plist */,
			);
			path = FlashcardsUITests;
			sourceTree = "<group>";
		};
/* End PBXGroup section */

/* Begin PBXNativeTarget section */
		34C00BB723FE34430009E1AF /* Flashcards */ = {
			isa = PBXNativeTarget;
			buildConfigurationList = 34C00BE023FE34450009E1AF /* Build configuration list for PBXNativeTarget "Flashcards" */;
			buildPhases = (
				34C00BB423FE34430009E1AF /* Sources */,
				34C00BB523FE34430009E1AF /* Frameworks */,
				34C00BB623FE34430009E1AF /* Resources */,
			);
			buildRules = (
			);
			dependencies = (
			);
			name = Flashcards;
			productName = Flashcards;
			productReference = 34C00BB823FE34430009E1AF /* Flashcards.app */;
			productType = "com.apple.product-type.application";
		};
		34C00BCB23FE34450009E1AF /* FlashcardsTests */ = {
			isa = PBXNativeTarget;
			buildConfigurationList = 34C00BE323FE34450009E1AF /* Build configuration list for PBXNativeTarget "FlashcardsTests" */;
			buildPhases = (
				34C00BC823FE34450009E1AF /* Sources */,
				34C00BC923FE34450009E1AF /* Frameworks */,
				34C00BCA23FE34450009E1AF /* Resources */,
			);
			buildRules = (
			);
			dependencies = (
				34C00BCE23FE34450009E1AF /* PBXTargetDependency */,
			);
			name = FlashcardsTests;
			productName = FlashcardsTests;
			productReference = 34C00BCC23FE34450009E1AF /* FlashcardsTests.xctest */;
			productType = "com.apple.product-type.bundle.unit-test";
		};
		34C00BD623FE34450009E1AF /* FlashcardsUITests */ = {
			isa = PBXNativeTarget;
			buildConfigurationList = 34C00BE623FE34450009E1AF /* Build configuration list for PBXNativeTarget "FlashcardsUITests" */;
			buildPhases = (
				34C00BD323FE34450009E1AF /* Sources */,
				34C00BD423FE34450009E1AF /* Frameworks */,
				34C00BD523FE34450009E1AF /* Resources */,
			);
			buildRules = (
			);
			dependencies = (
				34C00BD923FE34450009E1AF /* PBXTargetDependency */,
			);
			name = FlashcardsUITests;
			productName = FlashcardsUITests;
			productReference = 34C00BD723FE34450009E1AF /* FlashcardsUITests.xctest */;
			productType = "com.apple.product-type.bundle.ui-testing";
		};
/* End PBXNativeTarget section */

/* Begin PBXProject section */
		34C00BB023FE34430009E1AF /* Project object */ = {
			isa = PBXProject;
			attributes = {
				LastSwiftUpdateCheck = 1020;
				LastUpgradeCheck = 1020;
				ORGANIZATIONNAME = "Taylor Nguyen";
				TargetAttributes = {
					34C00BB723FE34430009E1AF = {
						CreatedOnToolsVersion = 10.2.1;
					};
					34C00BCB23FE34450009E1AF = {
						CreatedOnToolsVersion = 10.2.1;
						TestTargetID = 34C00BB723FE34430009E1AF;
					};
					34C00BD623FE34450009E1AF = {
						CreatedOnToolsVersion = 10.2.1;
						TestTargetID = 34C00BB723FE34430009E1AF;
					};
				};
			};
			buildConfigurationList = 34C00BB323FE34430009E1AF /* Build configuration list for PBXProject "Flashcards" */;
			compatibilityVersion = "Xcode 9.3";
			developmentRegion = en;
			hasScannedForEncodings = 0;
			knownRegions = (
				en,
				Base,
			);
			mainGroup = 34C00BAF23FE34430009E1AF;
			productRefGroup = 34C00BB923FE34430009E1AF /* Products */;
			projectDirPath = "";
			projectRoot = "";
			targets = (
				34C00BB723FE34430009E1AF /* Flashcards */,
				34C00BCB23FE34450009E1AF /* FlashcardsTests */,
				34C00BD623FE34450009E1AF /* FlashcardsUITests */,
			);
		};
/* End PBXProject section */

/* Begin PBXResourcesBuildPhase section */
		34C00BB623FE34430009E1AF /* Resources */ = {
			isa = PBXResourcesBuildPhase;
			buildActionMask = 2147483647;
			files = (
				34C00BC623FE34450009E1AF /* LaunchScreen.storyboard in Resources */,
				34C00BC323FE34450009E1AF /* Assets.xcassets in Resources */,
				34C00BC123FE34430009E1AF /* Main.storyboard in Resources */,
			);
			runOnlyForDeploymentPostprocessing = 0;
		};
		34C00BCA23FE34450009E1AF /* Resources */ = {
			isa = PBXResourcesBuildPhase;
			buildActionMask = 2147483647;
			files = (
			);
			runOnlyForDeploymentPostprocessing = 0;
		};
		34C00BD523FE34450009E1AF /* Resources */ = {
			isa = PBXResourcesBuildPhase;
			buildActionMask = 2147483647;
			files = (
			);
			runOnlyForDeploymentPostprocessing = 0;
		};
/* End PBXResourcesBuildPhase section */

/* Begin PBXSourcesBuildPhase section */
		34C00BB423FE34430009E1AF /* Sources */ = {
			isa = PBXSourcesBuildPhase;
			buildActionMask = 2147483647;
			files = (
				34C00BBE23FE34430009E1AF /* ViewController.swift in Sources */,
				34C00BBC23FE34430009E1AF /* AppDelegate.swift in Sources */,
				340F34D424132FB000A72CC8 /* CreationViewController.swift in Sources */,
			);
			runOnlyForDeploymentPostprocessing = 0;
		};
		34C00BC823FE34450009E1AF /* Sources */ = {
			isa = PBXSourcesBuildPhase;
			buildActionMask = 2147483647;
			files = (
				34C00BD123FE34450009E1AF /* FlashcardsTests.swift in Sources */,
			);
			runOnlyForDeploymentPostprocessing = 0;
		};
		34C00BD323FE34450009E1AF /* Sources */ = {
			isa = PBXSourcesBuildPhase;
			buildActionMask = 2147483647;
			files = (
				34C00BDC23FE34450009E1AF /* FlashcardsUITests.swift in Sources */,
			);
			runOnlyForDeploymentPostprocessing = 0;
		};
/* End PBXSourcesBuildPhase section */

/* Begin PBXTargetDependency section */
		34C00BCE23FE34450009E1AF /* PBXTargetDependency */ = {
			isa = PBXTargetDependency;
			target = 34C00BB723FE34430009E1AF /* Flashcards */;
			targetProxy = 34C00BCD23FE34450009E1AF /* PBXContainerItemProxy */;
		};
		34C00BD923FE34450009E1AF /* PBXTargetDependency */ = {
			isa = PBXTargetDependency;
			target = 34C00BB723FE34430009E1AF /* Flashcards */;
			targetProxy = 34C00BD823FE34450009E1AF /* PBXContainerItemProxy */;
		};
/* End PBXTargetDependency section */

/* Begin PBXVariantGroup section */
		34C00BBF23FE34430009E1AF /* Main.storyboard */ = {
			isa = PBXVariantGroup;
			children = (
				34C00BC023FE34430009E1AF /* Base */,
			);
			name = Main.storyboard;
			sourceTree = "<group>";
		};
		34C00BC423FE34450009E1AF /* LaunchScreen.storyboard */ = {
			isa = PBXVariantGroup;
			children = (
				34C00BC523FE34450009E1AF /* Base */,
			);
			name = LaunchScreen.storyboard;
			sourceTree = "<group>";
		};
/* End PBXVariantGroup section */

/* Begin XCBuildConfiguration section */
		34C00BDE23FE34450009E1AF /* Debug */ = {
			isa = XCBuildConfiguration;
			buildSettings = {
				ALWAYS_SEARCH_USER_PATHS = NO;
				CLANG_ANALYZER_NONNULL = YES;
				CLANG_ANALYZER_NUMBER_OBJECT_CONVERSION = YES_AGGRESSIVE;
				CLANG_CXX_LANGUAGE_STANDARD = "gnu++14";
				CLANG_CXX_LIBRARY = "libc++";
				CLANG_ENABLE_MODULES = YES;
				CLANG_ENABLE_OBJC_ARC = YES;
				CLANG_ENABLE_OBJC_WEAK = YES;
				CLANG_WARN_BLOCK_CAPTURE_AUTORELEASING = YES;
				CLANG_WARN_BOOL_CONVERSION = YES;
				CLANG_WARN_COMMA = YES;
				CLANG_WARN_CONSTANT_CONVERSION = YES;
				CLANG_WARN_DEPRECATED_OBJC_IMPLEMENTATIONS = YES;
				CLANG_WARN_DIRECT_OBJC_ISA_USAGE = YES_ERROR;
				CLANG_WARN_DOCUMENTATION_COMMENTS = YES;
				CLANG_WARN_EMPTY_BODY = YES;
				CLANG_WARN_ENUM_CONVERSION = YES;
				CLANG_WARN_INFINITE_RECURSION = YES;
				CLANG_WARN_INT_CONVERSION = YES;
				CLANG_WARN_NON_LITERAL_NULL_CONVERSION = YES;
				CLANG_WARN_OBJC_IMPLICIT_RETAIN_SELF = YES;
				CLANG_WARN_OBJC_LITERAL_CONVERSION = YES;
				CLANG_WARN_OBJC_ROOT_CLASS = YES_ERROR;
				CLANG_WARN_RANGE_LOOP_ANALYSIS = YES;
				CLANG_WARN_STRICT_PROTOTYPES = YES;
				CLANG_WARN_SUSPICIOUS_MOVE = YES;
				CLANG_WARN_UNGUARDED_AVAILABILITY = YES_AGGRESSIVE;
				CLANG_WARN_UNREACHABLE_CODE = YES;
				CLANG_WARN__DUPLICATE_METHOD_MATCH = YES;
				CODE_SIGN_IDENTITY = "iPhone Developer";
				COPY_PHASE_STRIP = NO;
				DEBUG_INFORMATION_FORMAT = dwarf;
				ENABLE_STRICT_OBJC_MSGSEND = YES;
				ENABLE_TESTABILITY = YES;
				GCC_C_LANGUAGE_STANDARD = gnu11;
				GCC_DYNAMIC_NO_PIC = NO;
				GCC_NO_COMMON_BLOCKS = YES;
				GCC_OPTIMIZATION_LEVEL = 0;
				GCC_PREPROCESSOR_DEFINITIONS = (
					"DEBUG=1",
					"$(inherited)",
				);
				GCC_WARN_64_TO_32_BIT_CONVERSION = YES;
				GCC_WARN_ABOUT_RETURN_TYPE = YES_ERROR;
				GCC_WARN_UNDECLARED_SELECTOR = YES;
				GCC_WARN_UNINITIALIZED_AUTOS = YES_AGGRESSIVE;
				GCC_WARN_UNUSED_FUNCTION = YES;
				GCC_WARN_UNUSED_VARIABLE = YES;
				IPHONEOS_DEPLOYMENT_TARGET = 12.2;
				MTL_ENABLE_DEBUG_INFO = INCLUDE_SOURCE;
				MTL_FAST_MATH = YES;
				ONLY_ACTIVE_ARCH = YES;
				SDKROOT = iphoneos;
				SWIFT_ACTIVE_COMPILATION_CONDITIONS = DEBUG;
				SWIFT_OPTIMIZATION_LEVEL = "-Onone";
			};
			name = Debug;
		};
		34C00BDF23FE34450009E1AF /* Release */ = {
			isa = XCBuildConfiguration;
			buildSettings = {
				ALWAYS_SEARCH_USER_PATHS = NO;
				CLANG_ANALYZER_NONNULL = YES;
				CLANG_ANALYZER_NUMBER_OBJECT_CONVERSION = YES_AGGRESSIVE;
				CLANG_CXX_LANGUAGE_STANDARD = "gnu++14";
				CLANG_CXX_LIBRARY = "libc++";
				CLANG_ENABLE_MODULES = YES;
				CLANG_ENABLE_OBJC_ARC = YES;
				CLANG_ENABLE_OBJC_WEAK = YES;
				CLANG_WARN_BLOCK_CAPTURE_AUTORELEASING = YES;
				CLANG_WARN_BOOL_CONVERSION = YES;
				CLANG_WARN_COMMA = YES;
				CLANG_WARN_CONSTANT_CONVERSION = YES;
				CLANG_WARN_DEPRECATED_OBJC_IMPLEMENTATIONS = YES;
				CLANG_WARN_DIRECT_OBJC_ISA_USAGE = YES_ERROR;
				CLANG_WARN_DOCUMENTATION_COMMENTS = YES;
				CLANG_WARN_EMPTY_BODY = YES;
				CLANG_WARN_ENUM_CONVERSION = YES;
				CLANG_WARN_INFINITE_RECURSION = YES;
				CLANG_WARN_INT_CONVERSION = YES;
				CLANG_WARN_NON_LITERAL_NULL_CONVERSION = YES;
				CLANG_WARN_OBJC_IMPLICIT_RETAIN_SELF = YES;
				CLANG_WARN_OBJC_LITERAL_CONVERSION = YES;
				CLANG_WARN_OBJC_ROOT_CLASS = YES_ERROR;
				CLANG_WARN_RANGE_LOOP_ANALYSIS = YES;
				CLANG_WARN_STRICT_PROTOTYPES = YES;
				CLANG_WARN_SUSPICIOUS_MOVE = YES;
				CLANG_WARN_UNGUARDED_AVAILABILITY = YES_AGGRESSIVE;
				CLANG_WARN_UNREACHABLE_CODE = YES;
				CLANG_WARN__DUPLICATE_METHOD_MATCH = YES;
				CODE_SIGN_IDENTITY = "iPhone Developer";
				COPY_PHASE_STRIP = NO;
				DEBUG_INFORMATION_FORMAT = "dwarf-with-dsym";
				ENABLE_NS_ASSERTIONS = NO;
				ENABLE_STRICT_OBJC_MSGSEND = YES;
				GCC_C_LANGUAGE_STANDARD = gnu11;
				GCC_NO_COMMON_BLOCKS = YES;
				GCC_WARN_64_TO_32_BIT_CONVERSION = YES;
				GCC_WARN_ABOUT_RETURN_TYPE = YES_ERROR;
				GCC_WARN_UNDECLARED_SELECTOR = YES;
				GCC_WARN_UNINITIALIZED_AUTOS = YES_AGGRESSIVE;
				GCC_WARN_UNUSED_FUNCTION = YES;
				GCC_WARN_UNUSED_VARIABLE = YES;
				IPHONEOS_DEPLOYMENT_TARGET = 12.2;
				MTL_ENABLE_DEBUG_INFO = NO;
				MTL_FAST_MATH = YES;
				SDKROOT = iphoneos;
				SWIFT_COMPILATION_MODE = wholemodule;
				SWIFT_OPTIMIZATION_LEVEL = "-O";
				VALIDATE_PRODUCT = YES;
			};
			name = Release;
		};
		34C00BE123FE34450009E1AF /* Debug */ = {
			isa = XCBuildConfiguration;
			buildSettings = {
				ASSETCATALOG_COMPILER_APPICON_NAME = AppIcon;
				CODE_SIGN_STYLE = Automatic;
				DEVELOPMENT_TEAM = 95QF65Q43P;
				INFOPLIST_FILE = Flashcards/Info.plist;
				LD_RUNPATH_SEARCH_PATHS = (
					"$(inherited)",
					"@executable_path/Frameworks",
				);
				PRODUCT_BUNDLE_IDENTIFIER = com.tnguyen.Flashcards;
				PRODUCT_NAME = "$(TARGET_NAME)";
				SWIFT_VERSION = 5.0;
				TARGETED_DEVICE_FAMILY = "1,2";
			};
			name = Debug;
		};
		34C00BE223FE34450009E1AF /* Release */ = {
			isa = XCBuildConfiguration;
			buildSettings = {
				ASSETCATALOG_COMPILER_APPICON_NAME = AppIcon;
				CODE_SIGN_STYLE = Automatic;
				DEVELOPMENT_TEAM = 95QF65Q43P;
				INFOPLIST_FILE = Flashcards/Info.plist;
				LD_RUNPATH_SEARCH_PATHS = (
					"$(inherited)",
					"@executable_path/Frameworks",
				);
				PRODUCT_BUNDLE_IDENTIFIER = com.tnguyen.Flashcards;
				PRODUCT_NAME = "$(TARGET_NAME)";
				SWIFT_VERSION = 5.0;
				TARGETED_DEVICE_FAMILY = "1,2";
			};
			name = Release;
		};
		34C00BE423FE34450009E1AF /* Debug */ = {
			isa = XCBuildConfiguration;
			buildSettings = {
				ALWAYS_EMBED_SWIFT_STANDARD_LIBRARIES = YES;
				BUNDLE_LOADER = "$(TEST_HOST)";
				CODE_SIGN_STYLE = Automatic;
				INFOPLIST_FILE = FlashcardsTests/Info.plist;
				LD_RUNPATH_SEARCH_PATHS = (
					"$(inherited)",
					"@executable_path/Frameworks",
					"@loader_path/Frameworks",
				);
				PRODUCT_BUNDLE_IDENTIFIER = com.tnguyen.FlashcardsTests;
				PRODUCT_NAME = "$(TARGET_NAME)";
				SWIFT_VERSION = 5.0;
				TARGETED_DEVICE_FAMILY = "1,2";
				TEST_HOST = "$(BUILT_PRODUCTS_DIR)/Flashcards.app/Flashcards";
			};
			name = Debug;
		};
		34C00BE523FE34450009E1AF /* Release */ = {
			isa = XCBuildConfiguration;
			buildSettings = {
				ALWAYS_EMBED_SWIFT_STANDARD_LIBRARIES = YES;
				BUNDLE_LOADER = "$(TEST_HOST)";
				CODE_SIGN_STYLE = Automatic;
				INFOPLIST_FILE = FlashcardsTests/Info.plist;
				LD_RUNPATH_SEARCH_PATHS = (
					"$(inherited)",
					"@executable_path/Frameworks",
					"@loader_path/Frameworks",
				);
				PRODUCT_BUNDLE_IDENTIFIER = com.tnguyen.FlashcardsTests;
				PRODUCT_NAME = "$(TARGET_NAME)";
				SWIFT_VERSION = 5.0;
				TARGETED_DEVICE_FAMILY = "1,2";
				TEST_HOST = "$(BUILT_PRODUCTS_DIR)/Flashcards.app/Flashcards";
			};
			name = Release;
		};
		34C00BE723FE34450009E1AF /* Debug */ = {
			isa = XCBuildConfiguration;
			buildSettings = {
				ALWAYS_EMBED_SWIFT_STANDARD_LIBRARIES = YES;
				CODE_SIGN_STYLE = Automatic;
				INFOPLIST_FILE = FlashcardsUITests/Info.plist;
				LD_RUNPATH_SEARCH_PATHS = (
					"$(inherited)",
					"@executable_path/Frameworks",
					"@loader_path/Frameworks",
				);
				PRODUCT_BUNDLE_IDENTIFIER = com.tnguyen.FlashcardsUITests;
				PRODUCT_NAME = "$(TARGET_NAME)";
				SWIFT_VERSION = 5.0;
				TARGETED_DEVICE_FAMILY = "1,2";
				TEST_TARGET_NAME = Flashcards;
			};
			name = Debug;
		};
		34C00BE823FE34450009E1AF /* Release */ = {
			isa = XCBuildConfiguration;
			buildSettings = {
				ALWAYS_EMBED_SWIFT_STANDARD_LIBRARIES = YES;
				CODE_SIGN_STYLE = Automatic;
				INFOPLIST_FILE = FlashcardsUITests/Info.plist;
				LD_RUNPATH_SEARCH_PATHS = (
					"$(inherited)",
					"@executable_path/Frameworks",
					"@loader_path/Frameworks",
				);
				PRODUCT_BUNDLE_IDENTIFIER = com.tnguyen.FlashcardsUITests;
				PRODUCT_NAME = "$(TARGET_NAME)";
				SWIFT_VERSION = 5.0;
				TARGETED_DEVICE_FAMILY = "1,2";
				TEST_TARGET_NAME = Flashcards;
			};
			name = Release;
		};
/* End XCBuildConfiguration section */

/* Begin XCConfigurationList section */
		34C00BB323FE34430009E1AF /* Build configuration list for PBXProject "Flashcards" */ = {
			isa = XCConfigurationList;
			buildConfigurations = (
				34C00BDE23FE34450009E1AF /* Debug */,
				34C00BDF23FE34450009E1AF /* Release */,
			);
			defaultConfigurationIsVisible = 0;
			defaultConfigurationName = Release;
		};
		34C00BE023FE34450009E1AF /* Build configuration list for PBXNativeTarget "Flashcards" */ = {
			isa = XCConfigurationList;
			buildConfigurations = (
				34C00BE123FE34450009E1AF /* Debug */,
				34C00BE223FE34450009E1AF /* Release */,
			);
			defaultConfigurationIsVisible = 0;
			defaultConfigurationName = Release;
		};
		34C00BE323FE34450009E1AF /* Build configuration list for PBXNativeTarget "FlashcardsTests" */ = {
			isa = XCConfigurationList;
			buildConfigurations = (
				34C00BE423FE34450009E1AF /* Debug */,
				34C00BE523FE34450009E1AF /* Release */,
			);
			defaultConfigurationIsVisible = 0;
			defaultConfigurationName = Release;
		};
		34C00BE623FE34450009E1AF /* Build configuration list for PBXNativeTarget "FlashcardsUITests" */ = {
			isa = XCConfigurationList;
			buildConfigurations = (
				34C00BE723FE34450009E1AF /* Debug */,
				34C00BE823FE34450009E1AF /* Release */,
			);
			defaultConfigurationIsVisible = 0;
			defaultConfigurationName = Release;
		};
/* End XCConfigurationList section */
	};
	rootObject = 34C00BB023FE34430009E1AF /* Project object */;
}
